
Microsoft Visual Studio Solution File, Format Version 12.00
# Visual Studio 15
VisualStudioVersion = 15.0.26730.15
MinimumVisualStudioVersion = 10.0.40219.1
Project("{FAE04EC0-301F-11D3-BF4B-00C04F79EFBC}") = "PAN_ParentsBank_Final", "PAN_ParentsBank_Final\PAN_ParentsBank_Final.csproj", "{BAEB8A84-0F8D-4EE6-A33F-30CB6A46162D}"
EndProject
Project("{FAE04EC0-301F-11D3-BF4B-00C04F79EFBC}") = "PAN_ParentsBank_Final.Tests", "PAN_ParentsBank_Final.Tests\PAN_ParentsBank_Final.Tests.csproj", "{F4D956AD-7D55-448F-9A05-D643C7625E06}"
EndProject
Global
	GlobalSection(SolutionConfigurationPlatforms) = preSolution
		Debug|Any CPU = Debug|Any CPU
		Release|Any CPU = Release|Any CPU
	EndGlobalSection
	GlobalSection(ProjectConfigurationPlatforms) = postSolution
		{BAEB8A84-0F8D-4EE6-A33F-30CB6A46162D}.Debug|Any CPU.ActiveCfg = Debug|Any CPU
		{BAEB8A84-0F8D-4EE6-A33F-30CB6A46162D}.Debug|Any CPU.Build.0 = Debug|Any CPU
		{BAEB8A84-0F8D-4EE6-A33F-30CB6A46162D}.Release|Any CPU.ActiveCfg = Release|Any CPU
		{BAEB8A84-0F8D-4EE6-A33F-30CB6A46162D}.Release|Any CPU.Build.0 = Release|Any CPU
		{F4D956AD-7D55-448F-9A05-D643C7625E06}.Debug|Any CPU.ActiveCfg = Debug|Any CPU
		{F4D956AD-7D55-448F-9A05-D643C7625E06}.Debug|Any CPU.Build.0 = Debug|Any CPU
		{F4D956AD-7D55-448F-9A05-D643C7625E06}.Release|Any CPU.ActiveCfg = Release|Any CPU
		{F4D956AD-7D55-448F-9A05-D643C7625E06}.Release|Any CPU.Build.0 = Release|Any CPU
	EndGlobalSection
	GlobalSection(SolutionProperties) = preSolution
		HideSolutionNode = FALSE
	EndGlobalSection
	GlobalSection(ExtensibilityGlobals) = postSolution
		SolutionGuid = {A219F364-D223-47CA-A30C-71DFF7B65BAD}
	EndGlobalSection
EndGlobal
